github.com/gen2brain/raylib-go/raylib v0.0.0-20230511170620-d84e4cc82f8d h1:M1gq2devl4lx6K0Gky7CvbYrxMMP2uC903C9bO+GO28=
github.com/gen2brain/raylib-go/raylib v0.0.0-20230511170620-d84e4cc82f8d/go.mod h1:AwtGA3aTtYdezNxEVbfchaLw/z+CuRDh2Mlxy0FbBro=
github.com/mattn/go-runewidth v0.0.9 h1:Lm995f3rfxdpd6TSmuVCHVb/QhupuXlYr8sCI/QdE+0=
github.com/mattn/go-runewidth v0.0.9/go.mod h1:H031xJmbD/WCDINGzjvQ9THkh0rPKHF+m2gUSrubnMI=
github.com/nsf/termbox-go v1.1.1 h1:nksUPLCb73Q++DwbYUBEglYBRPZyoXJdrj5L+TkjyZY=
github.com/nsf/termbox-go v1.1.1/go.mod h1:T0cTdVuOwf7pHQNtfhnEbzHbcNyCEcVU4YPpouCbVxo=
golang.org/x/sys v0.8.0 h1:EBmGv8NaZBZTWvrbjNoL6HVt+IVy3QDQpJs7VRIw3tU=
golang.org/x/sys v0.8.0/go.mod h1:oPkhp1MJrh7nUepCBck5+mAzfO9JrbApNNgaTdGDITg=
golang.org/x/term v0.8.0 h1:n5xxQn2i3PC0yLAbjTpNT85q/Kgzcr2gIoX9OrJUols=
golang.org/x/term v0.8.0/go.mod h1:xPskH00ivmX89bAKVGSKKtLOWNx2+17Eiy94tnKShWo=
